Microsoft Visual Studio Solution File, Format Version 12.00
# Visual Studio Version 17
VisualStudioVersion = 17.5.2.0
MinimumVisualStudioVersion = 10.0.40219.1
EndProject
Project("{FAE04EC0-301F-11D3-BF4B-00C04F79EFBC}") = "Informatics.FiskebodenMauiClient", "Informatics.FiskebodenMauiClient\Informatics.FiskebodenMauiClient.csproj", "{2910BD44-DF4B-4296-926F-16B9B921F59C}"
EndProject
Global
	GlobalSection(SolutionConfigurationPlatforms) = preSolution
		Debug|Any CPU = Debug|Any CPU
		Release|Any CPU = Release|Any CPU
	EndGlobalSection
	GlobalSection(ProjectConfigurationPlatforms) = postSolution
		{04F54A47-4460-9487-7445-ED7284842C11}.Debug|Any CPU.ActiveCfg = Debug|Any CPU
		{04F54A47-4460-9487-7445-ED7284842C11}.Debug|Any CPU.Build.0 = Debug|Any CPU
		{04F54A47-4460-9487-7445-ED7284842C11}.Release|Any CPU.ActiveCfg = Release|Any CPU
		{04F54A47-4460-9487-7445-ED7284842C11}.Release|Any CPU.Build.0 = Release|Any CPU
		{2910BD44-DF4B-4296-926F-16B9B921F59C}.Debug|Any CPU.ActiveCfg = Debug|Any CPU
		{2910BD44-DF4B-4296-926F-16B9B921F59C}.Debug|Any CPU.Build.0 = Debug|Any CPU
		{2910BD44-DF4B-4296-926F-16B9B921F59C}.Release|Any CPU.ActiveCfg = Release|Any CPU
		{2910BD44-DF4B-4296-926F-16B9B921F59C}.Release|Any CPU.Build.0 = Release|Any CPU
	EndGlobalSection
	GlobalSection(SolutionProperties) = preSolution
		HideSolutionNode = FALSE
	EndGlobalSection
	GlobalSection(ExtensibilityGlobals) = postSolution
		SolutionGuid = {9ECEC08A-BA25-40D7-8FF1-CBA9989DBC17}
	EndGlobalSection
EndGlobal
